// !$*UTF8*$!
{
	archiveVersion = 1;
	classes = {
	};
	objectVersion = 55;
	objects = {

/* Begin PBXBuildFile section */
		15D75A946284CF620CA59945 /* Pods_Flix.framework in Frameworks */ = {isa = PBXBuildFile; fileRef = 061C4DB9F123382B75AF1832 /* Pods_Flix.framework */; };
		4B095759D594A1A97B4829DA /* Pods_Flix_FlixUITests.framework in Frameworks */ = {isa = PBXBuildFile; fileRef = 13CC70476819E774086E135F /* Pods_Flix_FlixUITests.framework */; };
		A9C48E6D14A5542B6F88BFC4 /* Pods_FlixTests.framework in Frameworks */ = {isa = PBXBuildFile; fileRef = F3531CD53B36E8845BB0FEBD /* Pods_FlixTests.framework */; };
		C85615B928D53D1A0032B6AC /* MoviesViewController.swift in Sources */ = {isa = PBXBuildFile; fileRef = C85615B828D53D1A0032B6AC /* MoviesViewController.swift */; };
		C85615BB28D5480C0032B6AC /* MovieCell.swift in Sources */ = {isa = PBXBuildFile; fileRef = C85615BA28D5480C0032B6AC /* MovieCell.swift */; };
		C85615BF28D54B610032B6AC /* ViewController.swift in Sources */ = {isa = PBXBuildFile; fileRef = C85615BE28D54B610032B6AC /* ViewController.swift */; };
		C86208BC28DE84710024BE5F /* MovieGridCell.swift in Sources */ = {isa = PBXBuildFile; fileRef = C86208BB28DE84710024BE5F /* MovieGridCell.swift */; };
		C8C331E728D52851001A0DF2 /* AppDelegate.swift in Sources */ = {isa = PBXBuildFile; fileRef = C8C331E628D52851001A0DF2 /* AppDelegate.swift */; };
		C8C331E928D52851001A0DF2 /* SceneDelegate.swift in Sources */ = {isa = PBXBuildFile; fileRef = C8C331E828D52851001A0DF2 /* SceneDelegate.swift */; };
		C8C331EE28D52851001A0DF2 /* Main.storyboard in Resources */ = {isa = PBXBuildFile; fileRef = C8C331EC28D52851001A0DF2 /* Main.storyboard */; };
		C8C331F028D52853001A0DF2 /* Assets.xcassets in Resources */ = {isa = PBXBuildFile; fileRef = C8C331EF28D52853001A0DF2 /* Assets.xcassets */; };
		C8C331F328D52853001A0DF2 /* LaunchScreen.storyboard in Resources */ = {isa = PBXBuildFile; fileRef = C8C331F128D52853001A0DF2 /* LaunchScreen.storyboard */; };
		C8C331FE28D52853001A0DF2 /* FlixTests.swift in Sources */ = {isa = PBXBuildFile; fileRef = C8C331FD28D52853001A0DF2 /* FlixTests.swift */; };
		C8C3320828D52853001A0DF2 /* FlixUITests.swift in Sources */ = {isa = PBXBuildFile; fileRef = C8C3320728D52853001A0DF2 /* FlixUITests.swift */; };
		C8C3320A28D52853001A0DF2 /* FlixUITestsLaunchTests.swift in Sources */ = {isa = PBXBuildFile; fileRef = C8C3320928D52853001A0DF2 /* FlixUITestsLaunchTests.swift */; };
		C8F3843A28DE3CFA00845B6F /* MovieDetailsViewController.swift in Sources */ = {isa = PBXBuildFile; fileRef = C8F3843928DE3CFA00845B6F /* MovieDetailsViewController.swift */; };
		C8F3843C28DE4E0A00845B6F /* MovieGridViewController.swift in Sources */ = {isa = PBXBuildFile; fileRef = C8F3843B28DE4E0A00845B6F /* MovieGridViewController.swift */; };
/* End PBXBuildFile section */

/* Begin PBXContainerItemProxy section */
		C8C331FA28D52853001A0DF2 /* PBXContainerItemProxy */ = {
			isa = PBXContainerItemProxy;
			containerPortal = C8C331DB28D52851001A0DF2 /* Project object */;
			proxyType = 1;
			remoteGlobalIDString = C8C331E228D52851001A0DF2;
			remoteInfo = Flix;
		};
		C8C3320428D52853001A0DF2 /* PBXContainerItemProxy */ = {
			isa = PBXContainerItemProxy;
			containerPortal = C8C331DB28D52851001A0DF2 /* Project object */;
			proxyType = 1;
			remoteGlobalIDString = C8C331E228D52851001A0DF2;
			remoteInfo = Flix;
		};
/* End PBXContainerItemProxy section */

/* Begin PBXFileReference section */
		061C4DB9F123382B75AF1832 /* Pods_Flix.framework */ = {isa = PBXFileReference; explicitFileType = wrapper.framework; includeInIndex = 0; path = Pods_Flix.framework; sourceTree = BUILT_PRODUCTS_DIR; };
		13CC70476819E774086E135F /* Pods_Flix_FlixUITests.framework */ = {isa = PBXFileReference; explicitFileType = wrapper.framework; includeInIndex = 0; path = Pods_Flix_FlixUITests.framework; sourceTree = BUILT_PRODUCTS_DIR; };
		7891A0BF7D1ED45A774A8205 /* Pods-Flix-FlixUITests.debug.xcconfig */ = {isa = PBXFileReference; includeInIndex = 1; lastKnownFileType = text.xcconfig; name = "Pods-Flix-FlixUITests.debug.xcconfig"; path = "Target Support Files/Pods-Flix-FlixUITests/Pods-Flix-FlixUITests.debug.xcconfig"; sourceTree = "<group>"; };
		A11DEFB1D068E8B7AD6509B3 /* Pods-Flix.release.xcconfig */ = {isa = PBXFileReference; includeInIndex = 1; lastKnownFileType = text.xcconfig; name = "Pods-Flix.release.xcconfig"; path = "Target Support Files/Pods-Flix/Pods-Flix.release.xcconfig"; sourceTree = "<group>"; };
		ABECA5B414DFD1E949114B20 /* Pods-Flix.debug.xcconfig */ = {isa = PBXFileReference; includeInIndex = 1; lastKnownFileType = text.xcconfig; name = "Pods-Flix.debug.xcconfig"; path = "Target Support Files/Pods-Flix/Pods-Flix.debug.xcconfig"; sourceTree = "<group>"; };
		BED7E4976CD9E3350A0A183B /* Pods-Flix-FlixUITests.release.xcconfig */ = {isa = PBXFileReference; includeInIndex = 1; lastKnownFileType = text.xcconfig; name = "Pods-Flix-FlixUITests.release.xcconfig"; path = "Target Support Files/Pods-Flix-FlixUITests/Pods-Flix-FlixUITests.release.xcconfig"; sourceTree = "<group>"; };
		C85615B828D53D1A0032B6AC /* MoviesViewController.swift */ = {isa = PBXFileReference; lastKnownFileType = sourcecode.swift; path = MoviesViewController.swift; sourceTree = "<group>"; };
		C85615BA28D5480C0032B6AC /* MovieCell.swift */ = {isa = PBXFileReference; lastKnownFileType = sourcecode.swift; path = MovieCell.swift; sourceTree = "<group>"; };
		C85615BE28D54B610032B6AC /* ViewController.swift */ = {isa = PBXFileReference; fileEncoding = 4; lastKnownFileType = sourcecode.swift; path = ViewController.swift; sourceTree = "<group>"; };
		C86208BB28DE84710024BE5F /* MovieGridCell.swift */ = {isa = PBXFileReference; lastKnownFileType = sourcecode.swift; path = MovieGridCell.swift; sourceTree = "<group>"; };
		C8C331E328D52851001A0DF2 /* Flix.app */ = {isa = PBXFileReference; explicitFileType = wrapper.application; includeInIndex = 0; path = Flix.app; sourceTree = BUILT_PRODUCTS_DIR; };
		C8C331E628D52851001A0DF2 /* AppDelegate.swift */ = {isa = PBXFileReference; lastKnownFileType = sourcecode.swift; path = AppDelegate.swift; sourceTree = "<group>"; };
		C8C331E828D52851001A0DF2 /* SceneDelegate.swift */ = {isa = PBXFileReference; lastKnownFileType = sourcecode.swift; path = SceneDelegate.swift; sourceTree = "<group>"; };
		C8C331ED28D52851001A0DF2 /* Base */ = {isa = PBXFileReference; lastKnownFileType = file.storyboard; name = Base; path = Base.lproj/Main.storyboard; sourceTree = "<group>"; };
		C8C331EF28D52853001A0DF2 /* Assets.xcassets */ = {isa = PBXFileReference; lastKnownFileType = folder.assetcatalog; path = Assets.xcassets; sourceTree = "<group>"; };
		C8C331F228D52853001A0DF2 /* Base */ = {isa = PBXFileReference; lastKnownFileType = file.storyboard; name = Base; path = Base.lproj/LaunchScreen.storyboard; sourceTree = "<group>"; };
		C8C331F428D52853001A0DF2 /* Info.plist */ = {isa = PBXFileReference; lastKnownFileType = text.plist.xml; path = Info.plist; sourceTree = "<group>"; };
		C8C331F928D52853001A0DF2 /* FlixTests.xctest */ = {isa = PBXFileReference; explicitFileType = wrapper.cfbundle; includeInIndex = 0; path = FlixTests.xctest; sourceTree = BUILT_PRODUCTS_DIR; };
		C8C331FD28D52853001A0DF2 /* FlixTests.swift */ = {isa = PBXFileReference; lastKnownFileType = sourcecode.swift; path = FlixTests.swift; sourceTree = "<group>"; };
		C8C3320328D52853001A0DF2 /* FlixUITests.xctest */ = {isa = PBXFileReference; explicitFileType = wrapper.cfbundle; includeInIndex = 0; path = FlixUITests.xctest; sourceTree = BUILT_PRODUCTS_DIR; };
		C8C3320728D52853001A0DF2 /* FlixUITests.swift */ = {isa = PBXFileReference; lastKnownFileType = sourcecode.swift; path = FlixUITests.swift; sourceTree = "<group>"; };
		C8C3320928D52853001A0DF2 /* FlixUITestsLaunchTests.swift */ = {isa = PBXFileReference; lastKnownFileType = sourcecode.swift; path = FlixUITestsLaunchTests.swift; sourceTree = "<group>"; };
		C8F3843928DE3CFA00845B6F /* MovieDetailsViewController.swift */ = {isa = PBXFileReference; lastKnownFileType = sourcecode.swift; path = MovieDetailsViewController.swift; sourceTree = "<group>"; };
		C8F3843B28DE4E0A00845B6F /* MovieGridViewController.swift */ = {isa = PBXFileReference; lastKnownFileType = sourcecode.swift; path = MovieGridViewController.swift; sourceTree = "<group>"; };
		CEBF2551BB2B0DEA46548C8C /* Pods-FlixTests.release.xcconfig */ = {isa = PBXFileReference; includeInIndex = 1; lastKnownFileType = text.xcconfig; name = "Pods-FlixTests.release.xcconfig"; path = "Target Support Files/Pods-FlixTests/Pods-FlixTests.release.xcconfig"; sourceTree = "<group>"; };
		ECB9C4AFF83062D8BC85B339 /* Pods-FlixTests.debug.xcconfig */ = {isa = PBXFileReference; includeInIndex = 1; lastKnownFileType = text.xcconfig; name = "Pods-FlixTests.debug.xcconfig"; path = "Target Support Files/Pods-FlixTests/Pods-FlixTests.debug.xcconfig"; sourceTree = "<group>"; };
		F3531CD53B36E8845BB0FEBD /* Pods_FlixTests.framework */ = {isa = PBXFileReference; explicitFileType = wrapper.framework; includeInIndex = 0; path = Pods_FlixTests.framework; sourceTree = BUILT_PRODUCTS_DIR; };
/* End PBXFileReference section */

/* Begin PBXFrameworksBuildPhase section */
		C8C331E028D52851001A0DF2 /* Frameworks */ = {
			isa = PBXFrameworksBuildPhase;
			buildActionMask = 2147483647;
			files = (
				15D75A946284CF620CA59945 /* Pods_Flix.framework in Frameworks */,
			);
			runOnlyForDeploymentPostprocessing = 0;
		};
		C8C331F628D52853001A0DF2 /* Frameworks */ = {
			isa = PBXFrameworksBuildPhase;
			buildActionMask = 2147483647;
			files = (
				A9C48E6D14A5542B6F88BFC4 /* Pods_FlixTests.framework in Frameworks */,
			);
			runOnlyForDeploymentPostprocessing = 0;
		};
		C8C3320028D52853001A0DF2 /* Frameworks */ = {
			isa = PBXFrameworksBuildPhase;
			buildActionMask = 2147483647;
			files = (
				4B095759D594A1A97B4829DA /* Pods_Flix_FlixUITests.framework in Frameworks */,
			);
			runOnlyForDeploymentPostprocessing = 0;
		};
/* End PBXFrameworksBuildPhase section */

/* Begin PBXGroup section */
		19EF7C91855ADC4072A8440E /* Frameworks */ = {
			isa = PBXGroup;
			children = (
				061C4DB9F123382B75AF1832 /* Pods_Flix.framework */,
				13CC70476819E774086E135F /* Pods_Flix_FlixUITests.framework */,
				F3531CD53B36E8845BB0FEBD /* Pods_FlixTests.framework */,
			);
			name = Frameworks;
			sourceTree = "<group>";
		};
		AA9D9A9ADCB3D9E85E72F47D /* Pods */ = {
			isa = PBXGroup;
			children = (
				ABECA5B414DFD1E949114B20 /* Pods-Flix.debug.xcconfig */,
				A11DEFB1D068E8B7AD6509B3 /* Pods-Flix.release.xcconfig */,
				7891A0BF7D1ED45A774A8205 /* Pods-Flix-FlixUITests.debug.xcconfig */,
				BED7E4976CD9E3350A0A183B /* Pods-Flix-FlixUITests.release.xcconfig */,
				ECB9C4AFF83062D8BC85B339 /* Pods-FlixTests.debug.xcconfig */,
				CEBF2551BB2B0DEA46548C8C /* Pods-FlixTests.release.xcconfig */,
			);
			path = Pods;
			sourceTree = "<group>";
		};
		C8C331DA28D52851001A0DF2 = {
			isa = PBXGroup;
			children = (
				C8C331E528D52851001A0DF2 /* Flix */,
				C8C331FC28D52853001A0DF2 /* FlixTests */,
				C8C3320628D52853001A0DF2 /* FlixUITests */,
				C8C331E428D52851001A0DF2 /* Products */,
				AA9D9A9ADCB3D9E85E72F47D /* Pods */,
				19EF7C91855ADC4072A8440E /* Frameworks */,
			);
			sourceTree = "<group>";
		};
		C8C331E428D52851001A0DF2 /* Products */ = {
			isa = PBXGroup;
			children = (
				C8C331E328D52851001A0DF2 /* Flix.app */,
				C8C331F928D52853001A0DF2 /* FlixTests.xctest */,
				C8C3320328D52853001A0DF2 /* FlixUITests.xctest */,
			);
			name = Products;
			sourceTree = "<group>";
		};
		C8C331E528D52851001A0DF2 /* Flix */ = {
			isa = PBXGroup;
			children = (
				C8C331E628D52851001A0DF2 /* AppDelegate.swift */,
				C8C331E828D52851001A0DF2 /* SceneDelegate.swift */,
				C85615BE28D54B610032B6AC /* ViewController.swift */,
				C8C331EC28D52851001A0DF2 /* Main.storyboard */,
				C86208BB28DE84710024BE5F /* MovieGridCell.swift */,
				C8F3843B28DE4E0A00845B6F /* MovieGridViewController.swift */,
				C8F3843928DE3CFA00845B6F /* MovieDetailsViewController.swift */,
				C85615BA28D5480C0032B6AC /* MovieCell.swift */,
				C8C331EF28D52853001A0DF2 /* Assets.xcassets */,
				C8C331F128D52853001A0DF2 /* LaunchScreen.storyboard */,
				C85615B828D53D1A0032B6AC /* MoviesViewController.swift */,
				C8C331F428D52853001A0DF2 /* Info.plist */,
			);
			path = Flix;
			sourceTree = "<group>";
		};
		C8C331FC28D52853001A0DF2 /* FlixTests */ = {
			isa = PBXGroup;
			children = (
				C8C331FD28D52853001A0DF2 /* FlixTests.swift */,
			);
			path = FlixTests;
			sourceTree = "<group>";
		};
		C8C3320628D52853001A0DF2 /* FlixUITests */ = {
			isa = PBXGroup;
			children = (
				C8C3320728D52853001A0DF2 /* FlixUITests.swift */,
				C8C3320928D52853001A0DF2 /* FlixUITestsLaunchTests.swift */,
			);
			path = FlixUITests;
			sourceTree = "<group>";
		};
/* End PBXGroup section */

/* Begin PBXNativeTarget section */
		C8C331E228D52851001A0DF2 /* Flix */ = {
			isa = PBXNativeTarget;
			buildConfigurationList = C8C3320D28D52853001A0DF2 /* Build configuration list for PBXNativeTarget "Flix" */;
			buildPhases = (
				350D9A33F62172B44820B0F7 /* [CP] Check Pods Manifest.lock */,
				C8C331DF28D52851001A0DF2 /* Sources */,
				C8C331E028D52851001A0DF2 /* Frameworks */,
				C8C331E128D52851001A0DF2 /* Resources */,
				68C94047642B4C85D3E378A4 /* [CP] Embed Pods Frameworks */,
			);
			buildRules = (
			);
			dependencies = (
			);
			name = Flix;
			productName = Flix;
			productReference = C8C331E328D52851001A0DF2 /* Flix.app */;
			productType = "com.apple.product-type.application";
		};
		C8C331F828D52853001A0DF2 /* FlixTests */ = {
			isa = PBXNativeTarget;
			buildConfigurationList = C8C3321028D52853001A0DF2 /* Build configuration list for PBXNativeTarget "FlixTests" */;
			buildPhases = (
				B828B46060653610C9031A80 /* [CP] Check Pods Manifest.lock */,
				C8C331F528D52853001A0DF2 /* Sources */,
				C8C331F628D52853001A0DF2 /* Frameworks */,
				C8C331F728D52853001A0DF2 /* Resources */,
			);
			buildRules = (
			);
			dependencies = (
				C8C331FB28D52853001A0DF2 /* PBXTargetDependency */,
			);
			name = FlixTests;
			productName = FlixTests;
			productReference = C8C331F928D52853001A0DF2 /* FlixTests.xctest */;
			productType = "com.apple.product-type.bundle.unit-test";
		};
		C8C3320228D52853001A0DF2 /* FlixUITests */ = {
			isa = PBXNativeTarget;
			buildConfigurationList = C8C3321328D52853001A0DF2 /* Build configuration list for PBXNativeTarget "FlixUITests" */;
			buildPhases = (
				19C6BC23A17693171F3621CC /* [CP] Check Pods Manifest.lock */,
				C8C331FF28D52853001A0DF2 /* Sources */,
				C8C3320028D52853001A0DF2 /* Frameworks */,
				C8C3320128D52853001A0DF2 /* Resources */,
				3B71EDF81E568668B76D752B /* [CP] Embed Pods Frameworks */,
			);
			buildRules = (
			);
			dependencies = (
				C8C3320528D52853001A0DF2 /* PBXTargetDependency */,
			);
			name = FlixUITests;
			productName = FlixUITests;
			productReference = C8C3320328D52853001A0DF2 /* FlixUITests.xctest */;
			productType = "com.apple.product-type.bundle.ui-testing";
		};
/* End PBXNativeTarget section */

/* Begin PBXProject section */
		C8C331DB28D52851001A0DF2 /* Project object */ = {
			isa = PBXProject;
			attributes = {
				BuildIndependentTargetsInParallel = 1;
				LastSwiftUpdateCheck = 1340;
				LastUpgradeCheck = 1340;
				TargetAttributes = {
					C8C331E228D52851001A0DF2 = {
						CreatedOnToolsVersion = 13.4.1;
					};
					C8C331F828D52853001A0DF2 = {
						CreatedOnToolsVersion = 13.4.1;
						TestTargetID = C8C331E228D52851001A0DF2;
					};
					C8C3320228D52853001A0DF2 = {
						CreatedOnToolsVersion = 13.4.1;
						TestTargetID = C8C331E228D52851001A0DF2;
					};
				};
			};
			buildConfigurationList = C8C331DE28D52851001A0DF2 /* Build configuration list for PBXProject "Flix" */;
			compatibilityVersion = "Xcode 13.0";
			developmentRegion = en;
			hasScannedForEncodings = 0;
			knownRegions = (
				en,
				Base,
			);
			mainGroup = C8C331DA28D52851001A0DF2;
			productRefGroup = C8C331E428D52851001A0DF2 /* Products */;
			projectDirPath = "";
			projectRoot = "";
			targets = (
				C8C331E228D52851001A0DF2 /* Flix */,
				C8C331F828D52853001A0DF2 /* FlixTests */,
				C8C3320228D52853001A0DF2 /* FlixUITests */,
			);
		};
/* End PBXProject section */

/* Begin PBXResourcesBuildPhase section */
		C8C331E128D52851001A0DF2 /* Resources */ = {
			isa = PBXResourcesBuildPhase;
			buildActionMask = 2147483647;
			files = (
				C8C331F328D52853001A0DF2 /* LaunchScreen.storyboard in Resources */,
				C8C331F028D52853001A0DF2 /* Assets.xcassets in Resources */,
				C8C331EE28D52851001A0DF2 /* Main.storyboard in Resources */,
			);
			runOnlyForDeploymentPostprocessing = 0;
		};
		C8C331F728D52853001A0DF2 /* Resources */ = {
			isa = PBXResourcesBuildPhase;
			buildActionMask = 2147483647;
			files = (
			);
			runOnlyForDeploymentPostprocessing = 0;
		};
		C8C3320128D52853001A0DF2 /* Resources */ = {
			isa = PBXResourcesBuildPhase;
			buildActionMask = 2147483647;
			files = (
			);
			runOnlyForDeploymentPostprocessing = 0;
		};
/* End PBXResourcesBuildPhase section */

/* Begin PBXShellScriptBuildPhase section */
		19C6BC23A17693171F3621CC /* [CP] Check Pods Manifest.lock */ = {
			isa = PBXShellScriptBuildPhase;
			buildActionMask = 2147483647;
			files = (
			);
			inputFileListPaths = (
			);
			inputPaths = (
				"${PODS_PODFILE_DIR_PATH}/Podfile.lock",
				"${PODS_ROOT}/Manifest.lock",
			);
			name = "[CP] Check Pods Manifest.lock";
			outputFileListPaths = (
			);
			outputPaths = (
				"$(DERIVED_FILE_DIR)/Pods-Flix-FlixUITests-checkManifestLockResult.txt",
			);
			runOnlyForDeploymentPostprocessing = 0;
			shellPath = /bin/sh;
			shellScript = "diff \"${PODS_PODFILE_DIR_PATH}/Podfile.lock\" \"${PODS_ROOT}/Manifest.lock\" > /dev/null\nif [ $? != 0 ] ; then\n    # print error to STDERR\n    echo \"error: The sandbox is not in sync with the Podfile.lock. Run 'pod install' or update your CocoaPods installation.\" >&2\n    exit 1\nfi\n# This output is used by Xcode 'outputs' to avoid re-running this script phase.\necho \"SUCCESS\" > \"${SCRIPT_OUTPUT_FILE_0}\"\n";
			showEnvVarsInLog = 0;
		};
		350D9A33F62172B44820B0F7 /* [CP] Check Pods Manifest.lock */ = {
			isa = PBXShellScriptBuildPhase;
			buildActionMask = 2147483647;
			files = (
			);
			inputFileListPaths = (
			);
			inputPaths = (
				"${PODS_PODFILE_DIR_PATH}/Podfile.lock",
				"${PODS_ROOT}/Manifest.lock",
			);
			name = "[CP] Check Pods Manifest.lock";
			outputFileListPaths = (
			);
			outputPaths = (
				"$(DERIVED_FILE_DIR)/Pods-Flix-checkManifestLockResult.txt",
			);
			runOnlyForDeploymentPostprocessing = 0;
			shellPath = /bin/sh;
			shellScript = "diff \"${PODS_PODFILE_DIR_PATH}/Podfile.lock\" \"${PODS_ROOT}/Manifest.lock\" > /dev/null\nif [ $? != 0 ] ; then\n    # print error to STDERR\n    echo \"error: The sandbox is not in sync with the Podfile.lock. Run 'pod install' or update your CocoaPods installation.\" >&2\n    exit 1\nfi\n# This output is used by Xcode 'outputs' to avoid re-running this script phase.\necho \"SUCCESS\" > \"${SCRIPT_OUTPUT_FILE_0}\"\n";
			showEnvVarsInLog = 0;
		};
		3B71EDF81E568668B76D752B /* [CP] Embed Pods Frameworks */ = {
			isa = PBXShellScriptBuildPhase;
			buildActionMask = 2147483647;
			files = (
			);
			inputFileListPaths = (
				"${PODS_ROOT}/Target Support Files/Pods-Flix-FlixUITests/Pods-Flix-FlixUITests-frameworks-${CONFIGURATION}-input-files.xcfilelist",
			);
			name = "[CP] Embed Pods Frameworks";
			outputFileListPaths = (
				"${PODS_ROOT}/Target Support Files/Pods-Flix-FlixUITests/Pods-Flix-FlixUITests-frameworks-${CONFIGURATION}-output-files.xcfilelist",
			);
			runOnlyForDeploymentPostprocessing = 0;
			shellPath = /bin/sh;
			shellScript = "\"${PODS_ROOT}/Target Support Files/Pods-Flix-FlixUITests/Pods-Flix-FlixUITests-frameworks.sh\"\n";
			showEnvVarsInLog = 0;
		};
		68C94047642B4C85D3E378A4 /* [CP] Embed Pods Frameworks */ = {
			isa = PBXShellScriptBuildPhase;
			buildActionMask = 2147483647;
			files = (
			);
			inputFileListPaths = (
				"${PODS_ROOT}/Target Support Files/Pods-Flix/Pods-Flix-frameworks-${CONFIGURATION}-input-files.xcfilelist",
			);
			name = "[CP] Embed Pods Frameworks";
			outputFileListPaths = (
				"${PODS_ROOT}/Target Support Files/Pods-Flix/Pods-Flix-frameworks-${CONFIGURATION}-output-files.xcfilelist",
			);
			runOnlyForDeploymentPostprocessing = 0;
			shellPath = /bin/sh;
			shellScript = "\"${PODS_ROOT}/Target Support Files/Pods-Flix/Pods-Flix-frameworks.sh\"\n";
			showEnvVarsInLog = 0;
		};
		B828B46060653610C9031A80 /* [CP] Check Pods Manifest.lock */ = {
			isa = PBXShellScriptBuildPhase;
			buildActionMask = 2147483647;
			files = (
			);
			inputFileListPaths = (
			);
			inputPaths = (
				"${PODS_PODFILE_DIR_PATH}/Podfile.lock",
				"${PODS_ROOT}/Manifest.lock",
			);
			name = "[CP] Check Pods Manifest.lock";
			outputFileListPaths = (
			);
			outputPaths = (
				"$(DERIVED_FILE_DIR)/Pods-FlixTests-checkManifestLockResult.txt",
			);
			runOnlyForDeploymentPostprocessing = 0;
			shellPath = /bin/sh;
			shellScript = "diff \"${PODS_PODFILE_DIR_PATH}/Podfile.lock\" \"${PODS_ROOT}/Manifest.lock\" > /dev/null\nif [ $? != 0 ] ; then\n    # print error to STDERR\n    echo \"error: The sandbox is not in sync with the Podfile.lock. Run 'pod install' or update your CocoaPods installation.\" >&2\n    exit 1\nfi\n# This output is used by Xcode 'outputs' to avoid re-running this script phase.\necho \"SUCCESS\" > \"${SCRIPT_OUTPUT_FILE_0}\"\n";
			showEnvVarsInLog = 0;
		};
/* End PBXShellScriptBuildPhase section */

/* Begin PBXSourcesBuildPhase section */
		C8C331DF28D52851001A0DF2 /* Sources */ = {
			isa = PBXSourcesBuildPhase;
			buildActionMask = 2147483647;
			files = (
				C85615BF28D54B610032B6AC /* ViewController.swift in Sources */,
				C8C331E728D52851001A0DF2 /* AppDelegate.swift in Sources */,
				C8F3843A28DE3CFA00845B6F /* MovieDetailsViewController.swift in Sources */,
				C8F3843C28DE4E0A00845B6F /* MovieGridViewController.swift in Sources */,
				C86208BC28DE84710024BE5F /* MovieGridCell.swift in Sources */,
				C8C331E928D52851001A0DF2 /* SceneDelegate.swift in Sources */,
				C85615BB28D5480C0032B6AC /* MovieCell.swift in Sources */,
				C85615B928D53D1A0032B6AC /* MoviesViewController.swift in Sources */,
			);
			runOnlyForDeploymentPostprocessing = 0;
		};
		C8C331F528D52853001A0DF2 /* Sources */ = {
			isa = PBXSourcesBuildPhase;
			buildActionMask = 2147483647;
			files = (
				C8C331FE28D52853001A0DF2 /* FlixTests.swift in Sources */,
			);
			runOnlyForDeploymentPostprocessing = 0;
		};
		C8C331FF28D52853001A0DF2 /* Sources */ = {
			isa = PBXSourcesBuildPhase;
			buildActionMask = 2147483647;
			files = (
				C8C3320828D52853001A0DF2 /* FlixUITests.swift in Sources */,
				C8C3320A28D52853001A0DF2 /* FlixUITestsLaunchTests.swift in Sources */,
			);
			runOnlyForDeploymentPostprocessing = 0;
		};
/* End PBXSourcesBuildPhase section */

/* Begin PBXTargetDependency section */
		C8C331FB28D52853001A0DF2 /* PBXTargetDependency */ = {
			isa = PBXTargetDependency;
			target = C8C331E228D52851001A0DF2 /* Flix */;
			targetProxy = C8C331FA28D52853001A0DF2 /* PBXContainerItemProxy */;
		};
		C8C3320528D52853001A0DF2 /* PBXTargetDependency */ = {
			isa = PBXTargetDependency;
			target = C8C331E228D52851001A0DF2 /* Flix */;
			targetProxy = C8C3320428D52853001A0DF2 /* PBXContainerItemProxy */;
		};
/* End PBXTargetDependency section */

/* Begin PBXVariantGroup section */
		C8C331EC28D52851001A0DF2 /* Main.storyboard */ = {
			isa = PBXVariantGroup;
			children = (
				C8C331ED28D52851001A0DF2 /* Base */,
			);
			name = Main.storyboard;
			sourceTree = "<group>";
		};
		C8C331F128D52853001A0DF2 /* LaunchScreen.storyboard */ = {
			isa = PBXVariantGroup;
			children = (
				C8C331F228D52853001A0DF2 /* Base */,
			);
			name = LaunchScreen.storyboard;
			sourceTree = "<group>";
		};
/* End PBXVariantGroup section */

/* Begin XCBuildConfiguration section */
		C8C3320B28D52853001A0DF2 /* Debug */ = {
			isa = XCBuildConfiguration;
			buildSettings = {
				ALWAYS_SEARCH_USER_PATHS = NO;
				CLANG_ANALYZER_NONNULL = YES;
				CLANG_ANALYZER_NUMBER_OBJECT_CONVERSION = YES_AGGRESSIVE;
				CLANG_CXX_LANGUAGE_STANDARD = "gnu++17";
				CLANG_ENABLE_MODULES = YES;
				CLANG_ENABLE_OBJC_ARC = YES;
				CLANG_ENABLE_OBJC_WEAK = YES;
				CLANG_WARN_BLOCK_CAPTURE_AUTORELEASING = YES;
				CLANG_WARN_BOOL_CONVERSION = YES;
				CLANG_WARN_COMMA = YES;
				CLANG_WARN_CONSTANT_CONVERSION = YES;
				CLANG_WARN_DEPRECATED_OBJC_IMPLEMENTATIONS = YES;
				CLANG_WARN_DIRECT_OBJC_ISA_USAGE = YES_ERROR;
				CLANG_WARN_DOCUMENTATION_COMMENTS = YES;
				CLANG_WARN_EMPTY_BODY = YES;
				CLANG_WARN_ENUM_CONVERSION = YES;
				CLANG_WARN_INFINITE_RECURSION = YES;
				CLANG_WARN_INT_CONVERSION = YES;
				CLANG_WARN_NON_LITERAL_NULL_CONVERSION = YES;
				CLANG_WARN_OBJC_IMPLICIT_RETAIN_SELF = YES;
				CLANG_WARN_OBJC_LITERAL_CONVERSION = YES;
				CLANG_WARN_OBJC_ROOT_CLASS = YES_ERROR;
				CLANG_WARN_QUOTED_INCLUDE_IN_FRAMEWORK_HEADER = YES;
				CLANG_WARN_RANGE_LOOP_ANALYSIS = YES;
				CLANG_WARN_STRICT_PROTOTYPES = YES;
				CLANG_WARN_SUSPICIOUS_MOVE = YES;
				CLANG_WARN_UNGUARDED_AVAILABILITY = YES_AGGRESSIVE;
				CLANG_WARN_UNREACHABLE_CODE = YES;
				CLANG_WARN__DUPLICATE_METHOD_MATCH = YES;
				COPY_PHASE_STRIP = NO;
				DEBUG_INFORMATION_FORMAT = dwarf;
				ENABLE_STRICT_OBJC_MSGSEND = YES;
				ENABLE_TESTABILITY = YES;
				GCC_C_LANGUAGE_STANDARD = gnu11;
				GCC_DYNAMIC_NO_PIC = NO;
				GCC_NO_COMMON_BLOCKS = YES;
				GCC_OPTIMIZATION_LEVEL = 0;
				GCC_PREPROCESSOR_DEFINITIONS = (
					"DEBUG=1",
					"$(inherited)",
				);
				GCC_WARN_64_TO_32_BIT_CONVERSION = YES;
				GCC_WARN_ABOUT_RETURN_TYPE = YES_ERROR;
				GCC_WARN_UNDECLARED_SELECTOR = YES;
				GCC_WARN_UNINITIALIZED_AUTOS = YES_AGGRESSIVE;
				GCC_WARN_UNUSED_FUNCTION = YES;
				GCC_WARN_UNUSED_VARIABLE = YES;
				IPHONEOS_DEPLOYMENT_TARGET = 15.0;
				MTL_ENABLE_DEBUG_INFO = INCLUDE_SOURCE;
				MTL_FAST_MATH = YES;
				ONLY_ACTIVE_ARCH = YES;
				SDKROOT = iphoneos;
				SWIFT_ACTIVE_COMPILATION_CONDITIONS = DEBUG;
				SWIFT_OPTIMIZATION_LEVEL = "-Onone";
			};
			name = Debug;
		};
		C8C3320C28D52853001A0DF2 /* Release */ = {
			isa = XCBuildConfiguration;
			buildSettings = {
				ALWAYS_SEARCH_USER_PATHS = NO;
				CLANG_ANALYZER_NONNULL = YES;
				CLANG_ANALYZER_NUMBER_OBJECT_CONVERSION = YES_AGGRESSIVE;
				CLANG_CXX_LANGUAGE_STANDARD = "gnu++17";
				CLANG_ENABLE_MODULES = YES;
				CLANG_ENABLE_OBJC_ARC = YES;
				CLANG_ENABLE_OBJC_WEAK = YES;
				CLANG_WARN_BLOCK_CAPTURE_AUTORELEASING = YES;
				CLANG_WARN_BOOL_CONVERSION = YES;
				CLANG_WARN_COMMA = YES;
				CLANG_WARN_CONSTANT_CONVERSION = YES;
				CLANG_WARN_DEPRECATED_OBJC_IMPLEMENTATIONS = YES;
				CLANG_WARN_DIRECT_OBJC_ISA_USAGE = YES_ERROR;
				CLANG_WARN_DOCUMENTATION_COMMENTS = YES;
				CLANG_WARN_EMPTY_BODY = YES;
				CLANG_WARN_ENUM_CONVERSION = YES;
				CLANG_WARN_INFINITE_RECURSION = YES;
				CLANG_WARN_INT_CONVERSION = YES;
				CLANG_WARN_NON_LITERAL_NULL_CONVERSION = YES;
				CLANG_WARN_OBJC_IMPLICIT_RETAIN_SELF = YES;
				CLANG_WARN_OBJC_LITERAL_CONVERSION = YES;
				CLANG_WARN_OBJC_ROOT_CLASS = YES_ERROR;
				CLANG_WARN_QUOTED_INCLUDE_IN_FRAMEWORK_HEADER = YES;
				CLANG_WARN_RANGE_LOOP_ANALYSIS = YES;
				CLANG_WARN_STRICT_PROTOTYPES = YES;
				CLANG_WARN_SUSPICIOUS_MOVE = YES;
				CLANG_WARN_UNGUARDED_AVAILABILITY = YES_AGGRESSIVE;
				CLANG_WARN_UNREACHABLE_CODE = YES;
				CLANG_WARN__DUPLICATE_METHOD_MATCH = YES;
				COPY_PHASE_STRIP = NO;
				DEBUG_INFORMATION_FORMAT = "dwarf-with-dsym";
				ENABLE_NS_ASSERTIONS = NO;
				ENABLE_STRICT_OBJC_MSGSEND = YES;
				GCC_C_LANGUAGE_STANDARD = gnu11;
				GCC_NO_COMMON_BLOCKS = YES;
				GCC_WARN_64_TO_32_BIT_CONVERSION = YES;
				GCC_WARN_ABOUT_RETURN_TYPE = YES_ERROR;
				GCC_WARN_UNDECLARED_SELECTOR = YES;
				GCC_WARN_UNINITIALIZED_AUTOS = YES_AGGRESSIVE;
				GCC_WARN_UNUSED_FUNCTION = YES;
				GCC_WARN_UNUSED_VARIABLE = YES;
				IPHONEOS_DEPLOYMENT_TARGET = 15.0;
				MTL_ENABLE_DEBUG_INFO = NO;
				MTL_FAST_MATH = YES;
				SDKROOT = iphoneos;
				SWIFT_COMPILATION_MODE = wholemodule;
				SWIFT_OPTIMIZATION_LEVEL = "-O";
				VALIDATE_PRODUCT = YES;
			};
			name = Release;
		};
		C8C3320E28D52853001A0DF2 /* Debug */ = {
			isa = XCBuildConfiguration;
			baseConfigurationReference = ABECA5B414DFD1E949114B20 /* Pods-Flix.debug.xcconfig */;
			buildSettings = {
				ASSETCATALOG_COMPILER_APPICON_NAME = AppIcon;
				ASSETCATALOG_COMPILER_GLOBAL_ACCENT_COLOR_NAME = AccentColor;
				CODE_SIGN_STYLE = Automatic;
				CURRENT_PROJECT_VERSION = 1;
				DEVELOPMENT_TEAM = 977NC6WD2H;
				GENERATE_INFOPLIST_FILE = YES;
				INFOPLIST_FILE = Flix/Info.plist;
				INFOPLIST_KEY_UIApplicationSupportsIndirectInputEvents = YES;
				INFOPLIST_KEY_UILaunchStoryboardName = LaunchScreen;
				INFOPLIST_KEY_UIMainStoryboardFile = Main;
				INFOPLIST_KEY_UISupportedInterfaceOrientations_iPad = "UIInterfaceOrientationPortrait UIInterfaceOrientationPortraitUpsideDown UIInterfaceOrientationLandscapeLeft UIInterfaceOrientationLandscapeRight";
				INFOPLIST_KEY_UISupportedInterfaceOrientations_iPhone = "UIInterfaceOrientationPortrait UIInterfaceOrientationLandscapeLeft UIInterfaceOrientationLandscapeRight";
				LD_RUNPATH_SEARCH_PATHS = (
					"$(inherited)",
					"@executable_path/Frameworks",
				);
				MARKETING_VERSION = 1.0;
				PRODUCT_BUNDLE_IDENTIFIER = me.Huang.Jo.Flix;
				PRODUCT_NAME = "$(TARGET_NAME)";
				SWIFT_EMIT_LOC_STRINGS = YES;
				SWIFT_VERSION = 5.0;
				TARGETED_DEVICE_FAMILY = "1,2";
			};
			name = Debug;
		};
		C8C3320F28D52853001A0DF2 /* Release */ = {
			isa = XCBuildConfiguration;
			baseConfigurationReference = A11DEFB1D068E8B7AD6509B3 /* Pods-Flix.release.xcconfig */;
			buildSettings = {
				ASSETCATALOG_COMPILER_APPICON_NAME = AppIcon;
				ASSETCATALOG_COMPILER_GLOBAL_ACCENT_COLOR_NAME = AccentColor;
				CODE_SIGN_STYLE = Automatic;
				CURRENT_PROJECT_VERSION = 1;
				DEVELOPMENT_TEAM = 977NC6WD2H;
				GENERATE_INFOPLIST_FILE = YES;
				INFOPLIST_FILE = Flix/Info.plist;
				INFOPLIST_KEY_UIApplicationSupportsIndirectInputEvents = YES;
				INFOPLIST_KEY_UILaunchStoryboardName = LaunchScreen;
				INFOPLIST_KEY_UIMainStoryboardFile = Main;
				INFOPLIST_KEY_UISupportedInterfaceOrientations_iPad = "UIInterfaceOrientationPortrait UIInterfaceOrientationPortraitUpsideDown UIInterfaceOrientationLandscapeLeft UIInterfaceOrientationLandscapeRight";
				INFOPLIST_KEY_UISupportedInterfaceOrientations_iPhone = "UIInterfaceOrientationPortrait UIInterfaceOrientationLandscapeLeft UIInterfaceOrientationLandscapeRight";
				LD_RUNPATH_SEARCH_PATHS = (
					"$(inherited)",
					"@executable_path/Frameworks",
				);
				MARKETING_VERSION = 1.0;
				PRODUCT_BUNDLE_IDENTIFIER = me.Huang.Jo.Flix;
				PRODUCT_NAME = "$(TARGET_NAME)";
				SWIFT_EMIT_LOC_STRINGS = YES;
				SWIFT_VERSION = 5.0;
				TARGETED_DEVICE_FAMILY = "1,2";
			};
			name = Release;
		};
		C8C3321128D52853001A0DF2 /* Debug */ = {
			isa = XCBuildConfiguration;
			baseConfigurationReference = ECB9C4AFF83062D8BC85B339 /* Pods-FlixTests.debug.xcconfig */;
			buildSettings = {
				ALWAYS_EMBED_SWIFT_STANDARD_LIBRARIES = YES;
				BUNDLE_LOADER = "$(TEST_HOST)";
				CODE_SIGN_STYLE = Automatic;
				CURRENT_PROJECT_VERSION = 1;
				DEVELOPMENT_TEAM = 977NC6WD2H;
				GENERATE_INFOPLIST_FILE = YES;
				IPHONEOS_DEPLOYMENT_TARGET = 15.5;
				MARKETING_VERSION = 1.0;
				PRODUCT_BUNDLE_IDENTIFIER = me.Huang.Jo.FlixTests;
				PRODUCT_NAME = "$(TARGET_NAME)";
				SWIFT_EMIT_LOC_STRINGS = NO;
				SWIFT_VERSION = 5.0;
				TARGETED_DEVICE_FAMILY = "1,2";
				TEST_HOST = "$(BUILT_PRODUCTS_DIR)/Flix.app/Flix";
			};
			name = Debug;
		};
		C8C3321228D52853001A0DF2 /* Release */ = {
			isa = XCBuildConfiguration;
			baseConfigurationReference = CEBF2551BB2B0DEA46548C8C /* Pods-FlixTests.release.xcconfig */;
			buildSettings = {
				ALWAYS_EMBED_SWIFT_STANDARD_LIBRARIES = YES;
				BUNDLE_LOADER = "$(TEST_HOST)";
				CODE_SIGN_STYLE = Automatic;
				CURRENT_PROJECT_VERSION = 1;
				DEVELOPMENT_TEAM = 977NC6WD2H;
				GENERATE_INFOPLIST_FILE = YES;
				IPHONEOS_DEPLOYMENT_TARGET = 15.5;
				MARKETING_VERSION = 1.0;
				PRODUCT_BUNDLE_IDENTIFIER = me.Huang.Jo.FlixTests;
				PRODUCT_NAME = "$(TARGET_NAME)";
				SWIFT_EMIT_LOC_STRINGS = NO;
				SWIFT_VERSION = 5.0;
				TARGETED_DEVICE_FAMILY = "1,2";
				TEST_HOST = "$(BUILT_PRODUCTS_DIR)/Flix.app/Flix";
			};
			name = Release;
		};
		C8C3321428D52853001A0DF2 /* Debug */ = {
			isa = XCBuildConfiguration;
			baseConfigurationReference = 7891A0BF7D1ED45A774A8205 /* Pods-Flix-FlixUITests.debug.xcconfig */;
			buildSettings = {
				ALWAYS_EMBED_SWIFT_STANDARD_LIBRARIES = YES;
				CODE_SIGN_STYLE = Automatic;
				CURRENT_PROJECT_VERSION = 1;
				DEVELOPMENT_TEAM = 977NC6WD2H;
				GENERATE_INFOPLIST_FILE = YES;
				MARKETING_VERSION = 1.0;
				PRODUCT_BUNDLE_IDENTIFIER = me.Huang.Jo.FlixUITests;
				PRODUCT_NAME = "$(TARGET_NAME)";
				SWIFT_EMIT_LOC_STRINGS = NO;
				SWIFT_VERSION = 5.0;
				TARGETED_DEVICE_FAMILY = "1,2";
				TEST_TARGET_NAME = Flix;
			};
			name = Debug;
		};
		C8C3321528D52853001A0DF2 /* Release */ = {
			isa = XCBuildConfiguration;
			baseConfigurationReference = BED7E4976CD9E3350A0A183B /* Pods-Flix-FlixUITests.release.xcconfig */;
			buildSettings = {
				ALWAYS_EMBED_SWIFT_STANDARD_LIBRARIES = YES;
				CODE_SIGN_STYLE = Automatic;
				CURRENT_PROJECT_VERSION = 1;
				DEVELOPMENT_TEAM = 977NC6WD2H;
				GENERATE_INFOPLIST_FILE = YES;
				MARKETING_VERSION = 1.0;
				PRODUCT_BUNDLE_IDENTIFIER = me.Huang.Jo.FlixUITests;
				PRODUCT_NAME = "$(TARGET_NAME)";
				SWIFT_EMIT_LOC_STRINGS = NO;
				SWIFT_VERSION = 5.0;
				TARGETED_DEVICE_FAMILY = "1,2";
				TEST_TARGET_NAME = Flix;
			};
			name = Release;
		};
/* End XCBuildConfiguration section */

/* Begin XCConfigurationList section */
		C8C331DE28D52851001A0DF2 /* Build configuration list for PBXProject "Flix" */ = {
			isa = XCConfigurationList;
			buildConfigurations = (
				C8C3320B28D52853001A0DF2 /* Debug */,
				C8C3320C28D52853001A0DF2 /* Release */,
			);
			defaultConfigurationIsVisible = 0;
			defaultConfigurationName = Release;
		};
		C8C3320D28D52853001A0DF2 /* Build configuration list for PBXNativeTarget "Flix" */ = {
			isa = XCConfigurationList;
			buildConfigurations = (
				C8C3320E28D52853001A0DF2 /* Debug */,
				C8C3320F28D52853001A0DF2 /* Release */,
			);
			defaultConfigurationIsVisible = 0;
			defaultConfigurationName = Release;
		};
		C8C3321028D52853001A0DF2 /* Build configuration list for PBXNativeTarget "FlixTests" */ = {
			isa = XCConfigurationList;
			buildConfigurations = (
				C8C3321128D52853001A0DF2 /* Debug */,
				C8C3321228D52853001A0DF2 /* Release */,
			);
			defaultConfigurationIsVisible = 0;
			defaultConfigurationName = Release;
		};
		C8C3321328D52853001A0DF2 /* Build configuration list for PBXNativeTarget "FlixUITests" */ = {
			isa = XCConfigurationList;
			buildConfigurations = (
				C8C3321428D52853001A0DF2 /* Debug */,
				C8C3321528D52853001A0DF2 /* Release */,
			);
			defaultConfigurationIsVisible = 0;
			defaultConfigurationName = Release;
		};
/* End XCConfigurationList section */
	};
	rootObject = C8C331DB28D52851001A0DF2 /* Project object */;
}
